github.com/Patch2PDF/GDTF-Mesh-Reader/v2 v2.2.0 h1:ykkdyTIl++IaxBbgo2WFF3/k4jy7IwcQ5FsXWBG4Zhg=
github.com/Patch2PDF/GDTF-Mesh-Reader/v2 v2.2.0/go.mod h1:zAcGHlYdE75hdFo624nQfQHTzw9+NfPJT8Eo2mB1lI8=
github.com/Patch2PDF/GDTF-Parser v0.4.1 h1:RLmzQwIHGuEYc6C6hNtWA3HOpjhUizhkg36u0Px1a7E=
github.com/Patch2PDF/GDTF-Parser v0.4.1/go.mod h1:2l8WWbsYr4D0Uo069HMh9tImKtaUzy2+OeUpl7IN+S4=
github.com/Patch2PDF/MVR-Parser v0.3.2 h1:Kpq6BUs31KSUhLEg/f16gnRh1t5YD5Y94WeTo9NRGcY=
github.com/Patch2PDF/MVR-Parser v0.3.2/go.mod h1:2ekLlUhkPCkDli56afCQT/9EGdE/llx3NCF5E1+YiXc=
github.com/go-test/deep v1.0.1 h1:UQhStjbkDClarlmv0am7OXXO4/GaPdCGiUiMTvi28sg=
github.com/go-test/deep v1.0.1/go.mod h1:wGDj63lr65AM2AQyKZd/NYHGb0R+1RLqB8NKt3aSFNA=
github.com/qmuntal/gltf v0.28.0 h1:C4A1temWMPtcI2+qNfpfRq8FEJxoBGUN3ZZM8BCc+xU=
github.com/qmuntal/gltf v0.28.0/go.mod h1:YoXZOt0Nc0kIfSKOLZIRoV4FycdC+GzE+3JgiAGYoMs=
golang.org/x/image v0.36.0 h1:Iknbfm1afbgtwPTmHnS2gTM/6PPZfH+z2EFuOkSbqwc=
golang.org/x/image v0.36.0/go.mod h1:YsWD2TyyGKiIX1kZlu9QfKIsQ4nAAK9bdgdrIsE7xy4=
golang.org/x/sync v0.20.0 h1:e0PTpb7pjO8GAtTs2dQ6jYa5BWYlMuX047Dco/pItO4=
golang.org/x/sync v0.20.0/go.mod h1:9xrNwdLfx4jkKbNva9FpL6vEN7evnE43NNNJQ2LF3+0=
golang.org/x/text v0.35.0 h1:JOVx6vVDFokkpaq1AEptVzLTpDe9KGpj5tR4/X+ybL8=
golang.org/x/text v0.35.0/go.mod h1:khi/HExzZJ2pGnjenulevKNX1W67CUy0AsXcNubPGCA=
